// !$*UTF8*$!
{
	archiveVersion = 1;
	classes = {
	};
	objectVersion = 55;
	objects = {

/* Begin PBXBuildFile section */
		0B4A3BAC28CDFB8D00D63D49 /* AlertView.swift in Sources */ = {isa = PBXBuildFile; fileRef = 0B4A3BAB28CDFB8D00D63D49 /* AlertView.swift */; };
		0B85541F28C89DE000A3CB7A /* Colors.xcassets in Resources */ = {isa = PBXBuildFile; fileRef = 0B85541E28C89DE000A3CB7A /* Colors.xcassets */; };
		0BD1B38028CE806F00AB905C /* SignUp.storyboard in Resources */ = {isa = PBXBuildFile; fileRef = 0BD1B37F28CE806F00AB905C /* SignUp.storyboard */; };
		0BD1B38228CE808C00AB905C /* SignUpView.swift in Sources */ = {isa = PBXBuildFile; fileRef = 0BD1B38128CE808C00AB905C /* SignUpView.swift */; };
		0BD1B38428CF4E6700AB905C /* SignUpInteractor.swift in Sources */ = {isa = PBXBuildFile; fileRef = 0BD1B38328CF4E6700AB905C /* SignUpInteractor.swift */; };
		0BD1B38628CF4E7300AB905C /* SignUpPresenter.swift in Sources */ = {isa = PBXBuildFile; fileRef = 0BD1B38528CF4E7300AB905C /* SignUpPresenter.swift */; };
		0BD1B38828CF4E8200AB905C /* SignUpResponse.swift in Sources */ = {isa = PBXBuildFile; fileRef = 0BD1B38728CF4E8200AB905C /* SignUpResponse.swift */; };
		0BD1B38A28CF4E9B00AB905C /* SignUpRouter.swift in Sources */ = {isa = PBXBuildFile; fileRef = 0BD1B38928CF4E9B00AB905C /* SignUpRouter.swift */; };
		0BD1B38C28CF4EAE00AB905C /* SignUpNetwork.swift in Sources */ = {isa = PBXBuildFile; fileRef = 0BD1B38B28CF4EAE00AB905C /* SignUpNetwork.swift */; };
		0BD1B38E28CF4EB600AB905C /* SignUpContract.swift in Sources */ = {isa = PBXBuildFile; fileRef = 0BD1B38D28CF4EB600AB905C /* SignUpContract.swift */; };
		0BD1B39028CF4EC400AB905C /* SignUpContractHelper.swift in Sources */ = {isa = PBXBuildFile; fileRef = 0BD1B38F28CF4EC400AB905C /* SignUpContractHelper.swift */; };
		0BEA2A7028C764CA0072693A /* AppDelegate.swift in Sources */ = {isa = PBXBuildFile; fileRef = 0BEA2A6F28C764CA0072693A /* AppDelegate.swift */; };
		0BEA2A7228C764CA0072693A /* SceneDelegate.swift in Sources */ = {isa = PBXBuildFile; fileRef = 0BEA2A7128C764CA0072693A /* SceneDelegate.swift */; };
		0BEA2A7428C764CA0072693A /* LoginView.swift in Sources */ = {isa = PBXBuildFile; fileRef = 0BEA2A7328C764CA0072693A /* LoginView.swift */; };
		0BEA2A7728C764CA0072693A /* Login.storyboard in Resources */ = {isa = PBXBuildFile; fileRef = 0BEA2A7528C764CA0072693A /* Login.storyboard */; };
		0BEA2A7928C764CB0072693A /* Assets.xcassets in Resources */ = {isa = PBXBuildFile; fileRef = 0BEA2A7828C764CB0072693A /* Assets.xcassets */; };
		0BEA2A7C28C764CB0072693A /* LaunchScreen.storyboard in Resources */ = {isa = PBXBuildFile; fileRef = 0BEA2A7A28C764CB0072693A /* LaunchScreen.storyboard */; };
		0BFBDDBE28C778FD0079C1B9 /* GoogleService-Info.plist in Resources */ = {isa = PBXBuildFile; fileRef = 0BFBDDBD28C778FD0079C1B9 /* GoogleService-Info.plist */; };
		0BFBDDC128C77AB40079C1B9 /* FirebaseAuth in Frameworks */ = {isa = PBXBuildFile; productRef = 0BFBDDC028C77AB40079C1B9 /* FirebaseAuth */; };
		0BFBDDC328C77AB40079C1B9 /* FirebaseFirestore in Frameworks */ = {isa = PBXBuildFile; productRef = 0BFBDDC228C77AB40079C1B9 /* FirebaseFirestore */; };
		0BFBDDC528C77AB40079C1B9 /* FirebaseStorage in Frameworks */ = {isa = PBXBuildFile; productRef = 0BFBDDC428C77AB40079C1B9 /* FirebaseStorage */; };
		0BFBDDC828C77DE10079C1B9 /* LoginInteractor.swift in Sources */ = {isa = PBXBuildFile; fileRef = 0BFBDDC728C77DE10079C1B9 /* LoginInteractor.swift */; };
		0BFBDDCA28C77DED0079C1B9 /* LoginPresenter.swift in Sources */ = {isa = PBXBuildFile; fileRef = 0BFBDDC928C77DED0079C1B9 /* LoginPresenter.swift */; };
		0BFBDDCC28C77DF50079C1B9 /* LoginRouter.swift in Sources */ = {isa = PBXBuildFile; fileRef = 0BFBDDCB28C77DF50079C1B9 /* LoginRouter.swift */; };
		0BFBDDCE28C77E0D0079C1B9 /* LoginNetwork.swift in Sources */ = {isa = PBXBuildFile; fileRef = 0BFBDDCD28C77E0D0079C1B9 /* LoginNetwork.swift */; };
		0BFBDDD028C77E1C0079C1B9 /* LoginContract.swift in Sources */ = {isa = PBXBuildFile; fileRef = 0BFBDDCF28C77E1C0079C1B9 /* LoginContract.swift */; };
		0BFBDDD428C786C10079C1B9 /* LoginResponse.swift in Sources */ = {isa = PBXBuildFile; fileRef = 0BFBDDD328C786C10079C1B9 /* LoginResponse.swift */; };
		0BFBDDD828C789730079C1B9 /* LoginContractHelper.swift in Sources */ = {isa = PBXBuildFile; fileRef = 0BFBDDD728C789730079C1B9 /* LoginContractHelper.swift */; };
		0BFBDDDC28C797980079C1B9 /* ThemeManager.swift in Sources */ = {isa = PBXBuildFile; fileRef = 0BFBDDDB28C797980079C1B9 /* ThemeManager.swift */; };
/* End PBXBuildFile section */

/* Begin PBXFileReference section */
		0B4A3BAB28CDFB8D00D63D49 /* AlertView.swift */ = {isa = PBXFileReference; lastKnownFileType = sourcecode.swift; path = AlertView.swift; sourceTree = "<group>"; };
		0B85541E28C89DE000A3CB7A /* Colors.xcassets */ = {isa = PBXFileReference; lastKnownFileType = folder.assetcatalog; path = Colors.xcassets; sourceTree = "<group>"; };
		0BD1B37F28CE806F00AB905C /* SignUp.storyboard */ = {isa = PBXFileReference; lastKnownFileType = file.storyboard; path = SignUp.storyboard; sourceTree = "<group>"; };
		0BD1B38128CE808C00AB905C /* SignUpView.swift */ = {isa = PBXFileReference; lastKnownFileType = sourcecode.swift; path = SignUpView.swift; sourceTree = "<group>"; };
		0BD1B38328CF4E6700AB905C /* SignUpInteractor.swift */ = {isa = PBXFileReference; lastKnownFileType = sourcecode.swift; path = SignUpInteractor.swift; sourceTree = "<group>"; };
		0BD1B38528CF4E7300AB905C /* SignUpPresenter.swift */ = {isa = PBXFileReference; lastKnownFileType = sourcecode.swift; path = SignUpPresenter.swift; sourceTree = "<group>"; };
		0BD1B38728CF4E8200AB905C /* SignUpResponse.swift */ = {isa = PBXFileReference; lastKnownFileType = sourcecode.swift; path = SignUpResponse.swift; sourceTree = "<group>"; };
		0BD1B38928CF4E9B00AB905C /* SignUpRouter.swift */ = {isa = PBXFileReference; lastKnownFileType = sourcecode.swift; path = SignUpRouter.swift; sourceTree = "<group>"; };
		0BD1B38B28CF4EAE00AB905C /* SignUpNetwork.swift */ = {isa = PBXFileReference; lastKnownFileType = sourcecode.swift; path = SignUpNetwork.swift; sourceTree = "<group>"; };
		0BD1B38D28CF4EB600AB905C /* SignUpContract.swift */ = {isa = PBXFileReference; lastKnownFileType = sourcecode.swift; path = SignUpContract.swift; sourceTree = "<group>"; };
		0BD1B38F28CF4EC400AB905C /* SignUpContractHelper.swift */ = {isa = PBXFileReference; lastKnownFileType = sourcecode.swift; path = SignUpContractHelper.swift; sourceTree = "<group>"; };
		0BEA2A6C28C764CA0072693A /* CryptoCurrency.app */ = {isa = PBXFileReference; explicitFileType = wrapper.application; includeInIndex = 0; path = CryptoCurrency.app; sourceTree = BUILT_PRODUCTS_DIR; };
		0BEA2A6F28C764CA0072693A /* AppDelegate.swift */ = {isa = PBXFileReference; lastKnownFileType = sourcecode.swift; path = AppDelegate.swift; sourceTree = "<group>"; };
		0BEA2A7128C764CA0072693A /* SceneDelegate.swift */ = {isa = PBXFileReference; lastKnownFileType = sourcecode.swift; path = SceneDelegate.swift; sourceTree = "<group>"; };
		0BEA2A7328C764CA0072693A /* LoginView.swift */ = {isa = PBXFileReference; lastKnownFileType = sourcecode.swift; path = LoginView.swift; sourceTree = "<group>"; };
		0BEA2A7628C764CA0072693A /* Base */ = {isa = PBXFileReference; lastKnownFileType = file.storyboard; name = Base; path = Base.lproj/Login.storyboard; sourceTree = "<group>"; };
		0BEA2A7828C764CB0072693A /* Assets.xcassets */ = {isa = PBXFileReference; lastKnownFileType = folder.assetcatalog; path = Assets.xcassets; sourceTree = "<group>"; };
		0BEA2A7B28C764CB0072693A /* Base */ = {isa = PBXFileReference; lastKnownFileType = file.storyboard; name = Base; path = Base.lproj/LaunchScreen.storyboard; sourceTree = "<group>"; };
		0BEA2A7D28C764CB0072693A /* Info.plist */ = {isa = PBXFileReference; lastKnownFileType = text.plist.xml; path = Info.plist; sourceTree = "<group>"; };
		0BFBDDBD28C778FD0079C1B9 /* GoogleService-Info.plist */ = {isa = PBXFileReference; fileEncoding = 4; lastKnownFileType = text.plist.xml; path = "GoogleService-Info.plist"; sourceTree = "<group>"; };
		0BFBDDC728C77DE10079C1B9 /* LoginInteractor.swift */ = {isa = PBXFileReference; lastKnownFileType = sourcecode.swift; path = LoginInteractor.swift; sourceTree = "<group>"; };
		0BFBDDC928C77DED0079C1B9 /* LoginPresenter.swift */ = {isa = PBXFileReference; lastKnownFileType = sourcecode.swift; path = LoginPresenter.swift; sourceTree = "<group>"; };
		0BFBDDCB28C77DF50079C1B9 /* LoginRouter.swift */ = {isa = PBXFileReference; lastKnownFileType = sourcecode.swift; path = LoginRouter.swift; sourceTree = "<group>"; };
		0BFBDDCD28C77E0D0079C1B9 /* LoginNetwork.swift */ = {isa = PBXFileReference; lastKnownFileType = sourcecode.swift; path = LoginNetwork.swift; sourceTree = "<group>"; };
		0BFBDDCF28C77E1C0079C1B9 /* LoginContract.swift */ = {isa = PBXFileReference; lastKnownFileType = sourcecode.swift; path = LoginContract.swift; sourceTree = "<group>"; };
		0BFBDDD328C786C10079C1B9 /* LoginResponse.swift */ = {isa = PBXFileReference; lastKnownFileType = sourcecode.swift; path = LoginResponse.swift; sourceTree = "<group>"; };
		0BFBDDD728C789730079C1B9 /* LoginContractHelper.swift */ = {isa = PBXFileReference; lastKnownFileType = sourcecode.swift; path = LoginContractHelper.swift; sourceTree = "<group>"; };
		0BFBDDDB28C797980079C1B9 /* ThemeManager.swift */ = {isa = PBXFileReference; lastKnownFileType = sourcecode.swift; path = ThemeManager.swift; sourceTree = "<group>"; };
/* End PBXFileReference section */

/* Begin PBXFrameworksBuildPhase section */
		0BEA2A6928C764CA0072693A /* Frameworks */ = {
			isa = PBXFrameworksBuildPhase;
			buildActionMask = 2147483647;
			files = (
				0BFBDDC128C77AB40079C1B9 /* FirebaseAuth in Frameworks */,
				0BFBDDC328C77AB40079C1B9 /* FirebaseFirestore in Frameworks */,
				0BFBDDC528C77AB40079C1B9 /* FirebaseStorage in Frameworks */,
			);
			runOnlyForDeploymentPostprocessing = 0;
		};
/* End PBXFrameworksBuildPhase section */

/* Begin PBXGroup section */
		0B85541D28C89DB500A3CB7A /* Assets */ = {
			isa = PBXGroup;
			children = (
				0BEA2A7828C764CB0072693A /* Assets.xcassets */,
				0B85541E28C89DE000A3CB7A /* Colors.xcassets */,
			);
			path = Assets;
			sourceTree = "<group>";
		};
		0BD1B37428CE7FB100AB905C /* Sign Up Module */ = {
			isa = PBXGroup;
			children = (
				0BD1B37A28CE7FF000AB905C /* Network */,
				0BD1B37C28CE801C00AB905C /* Contract */,
				0BD1B37928CE7FEC00AB905C /* View */,
				0BD1B37828CE7FE700AB905C /* Interactor */,
				0BD1B37728CE7FE100AB905C /* Presenter */,
				0BD1B37628CE7FD800AB905C /* Entity */,
				0BD1B37528CE7FD200AB905C /* Router */,
			);
			path = "Sign Up Module";
			sourceTree = "<group>";
		};
		0BD1B37528CE7FD200AB905C /* Router */ = {
			isa = PBXGroup;
			children = (
				0BD1B38928CF4E9B00AB905C /* SignUpRouter.swift */,
			);
			path = Router;
			sourceTree = "<group>";
		};
		0BD1B37628CE7FD800AB905C /* Entity */ = {
			isa = PBXGroup;
			children = (
				0BD1B37E28CE803C00AB905C /* Entities */,
			);
			path = Entity;
			sourceTree = "<group>";
		};
		0BD1B37728CE7FE100AB905C /* Presenter */ = {
			isa = PBXGroup;
			children = (
				0BD1B38528CF4E7300AB905C /* SignUpPresenter.swift */,
			);
			path = Presenter;
			sourceTree = "<group>";
		};
		0BD1B37828CE7FE700AB905C /* Interactor */ = {
			isa = PBXGroup;
			children = (
				0BD1B38328CF4E6700AB905C /* SignUpInteractor.swift */,
			);
			path = Interactor;
			sourceTree = "<group>";
		};
		0BD1B37928CE7FEC00AB905C /* View */ = {
			isa = PBXGroup;
			children = (
				0BD1B37D28CE803200AB905C /* Storyboard */,
				0BD1B38128CE808C00AB905C /* SignUpView.swift */,
			);
			path = View;
			sourceTree = "<group>";
		};
		0BD1B37A28CE7FF000AB905C /* Network */ = {
			isa = PBXGroup;
			children = (
				0BD1B38B28CF4EAE00AB905C /* SignUpNetwork.swift */,
			);
			path = Network;
			sourceTree = "<group>";
		};
		0BD1B37C28CE801C00AB905C /* Contract */ = {
			isa = PBXGroup;
			children = (
				0BD1B38D28CF4EB600AB905C /* SignUpContract.swift */,
				0BD1B38F28CF4EC400AB905C /* SignUpContractHelper.swift */,
			);
			path = Contract;
			sourceTree = "<group>";
		};
		0BD1B37D28CE803200AB905C /* Storyboard */ = {
			isa = PBXGroup;
			children = (
				0BD1B37F28CE806F00AB905C /* SignUp.storyboard */,
			);
			path = Storyboard;
			sourceTree = "<group>";
		};
		0BD1B37E28CE803C00AB905C /* Entities */ = {
			isa = PBXGroup;
			children = (
				0BD1B38728CF4E8200AB905C /* SignUpResponse.swift */,
			);
			path = Entities;
			sourceTree = "<group>";
		};
		0BEA2A6328C764CA0072693A = {
			isa = PBXGroup;
			children = (
				0BEA2A6E28C764CA0072693A /* CryptoCurrency */,
				0BEA2A6D28C764CA0072693A /* Products */,
			);
			sourceTree = "<group>";
		};
		0BEA2A6D28C764CA0072693A /* Products */ = {
			isa = PBXGroup;
			children = (
				0BEA2A6C28C764CA0072693A /* CryptoCurrency.app */,
			);
			name = Products;
			sourceTree = "<group>";
		};
		0BEA2A6E28C764CA0072693A /* CryptoCurrency */ = {
			isa = PBXGroup;
			children = (
				0BFBDDD928C797780079C1B9 /* Manager */,
				0BEA2A8328C764DB0072693A /* Login Module */,
				0BD1B37428CE7FB100AB905C /* Sign Up Module */,
				0BEA2A6F28C764CA0072693A /* AppDelegate.swift */,
				0BEA2A7128C764CA0072693A /* SceneDelegate.swift */,
				0BEA2A7A28C764CB0072693A /* LaunchScreen.storyboard */,
				0BEA2A7D28C764CB0072693A /* Info.plist */,
				0BFBDDBD28C778FD0079C1B9 /* GoogleService-Info.plist */,
			);
			path = CryptoCurrency;
			sourceTree = "<group>";
		};
		0BEA2A8328C764DB0072693A /* Login Module */ = {
			isa = PBXGroup;
			children = (
				0BFBDDBC28C777DD0079C1B9 /* Network */,
				0BFBDDBB28C777D50079C1B9 /* Contract */,
				0BFBDDBA28C777D00079C1B9 /* View */,
				0BFBDDB828C777B10079C1B9 /* Interactor */,
				0BFBDDB928C777B80079C1B9 /* Presenter */,
				0BFBDDD128C786A80079C1B9 /* Entity */,
				0BFBDDB728C777A60079C1B9 /* Router */,
			);
			path = "Login Module";
			sourceTree = "<group>";
		};
		0BF8B8D928CA21BF00E2F311 /* Helper */ = {
			isa = PBXGroup;
			children = (
				0BF8B8DA28CA21CA00E2F311 /* Alert View */,
			);
			path = Helper;
			sourceTree = "<group>";
		};
		0BF8B8DA28CA21CA00E2F311 /* Alert View */ = {
			isa = PBXGroup;
			children = (
				0B4A3BAB28CDFB8D00D63D49 /* AlertView.swift */,
			);
			path = "Alert View";
			sourceTree = "<group>";
		};
		0BFBDDB728C777A60079C1B9 /* Router */ = {
			isa = PBXGroup;
			children = (
				0BFBDDCB28C77DF50079C1B9 /* LoginRouter.swift */,
			);
			path = Router;
			sourceTree = "<group>";
		};
		0BFBDDB828C777B10079C1B9 /* Interactor */ = {
			isa = PBXGroup;
			children = (
				0BFBDDC728C77DE10079C1B9 /* LoginInteractor.swift */,
			);
			path = Interactor;
			sourceTree = "<group>";
		};
		0BFBDDB928C777B80079C1B9 /* Presenter */ = {
			isa = PBXGroup;
			children = (
				0BFBDDC928C77DED0079C1B9 /* LoginPresenter.swift */,
			);
			path = Presenter;
			sourceTree = "<group>";
		};
		0BFBDDBA28C777D00079C1B9 /* View */ = {
			isa = PBXGroup;
			children = (
				0BFBDDC628C77D4A0079C1B9 /* Storyboard */,
				0BEA2A7328C764CA0072693A /* LoginView.swift */,
				0BF8B8D928CA21BF00E2F311 /* Helper */,
			);
			path = View;
			sourceTree = "<group>";
		};
		0BFBDDBB28C777D50079C1B9 /* Contract */ = {
			isa = PBXGroup;
			children = (
				0BFBDDCF28C77E1C0079C1B9 /* LoginContract.swift */,
				0BFBDDD728C789730079C1B9 /* LoginContractHelper.swift */,
			);
			path = Contract;
			sourceTree = "<group>";
		};
		0BFBDDBC28C777DD0079C1B9 /* Network */ = {
			isa = PBXGroup;
			children = (
				0BFBDDCD28C77E0D0079C1B9 /* LoginNetwork.swift */,
			);
			path = Network;
			sourceTree = "<group>";
		};
		0BFBDDC628C77D4A0079C1B9 /* Storyboard */ = {
			isa = PBXGroup;
			children = (
				0BEA2A7528C764CA0072693A /* Login.storyboard */,
			);
			path = Storyboard;
			sourceTree = "<group>";
		};
		0BFBDDD128C786A80079C1B9 /* Entity */ = {
			isa = PBXGroup;
			children = (
				0BFBDDD228C786B50079C1B9 /* Entities */,
			);
			path = Entity;
			sourceTree = "<group>";
		};
		0BFBDDD228C786B50079C1B9 /* Entities */ = {
			isa = PBXGroup;
			children = (
				0BFBDDD328C786C10079C1B9 /* LoginResponse.swift */,
			);
			path = Entities;
			sourceTree = "<group>";
		};
		0BFBDDD928C797780079C1B9 /* Manager */ = {
			isa = PBXGroup;
			children = (
				0BFBDDDA28C7977F0079C1B9 /* ThemeManager */,
			);
			path = Manager;
			sourceTree = "<group>";
		};
		0BFBDDDA28C7977F0079C1B9 /* ThemeManager */ = {
			isa = PBXGroup;
			children = (
				0B85541D28C89DB500A3CB7A /* Assets */,
				0BFBDDDB28C797980079C1B9 /* ThemeManager.swift */,
			);
			path = ThemeManager;
			sourceTree = "<group>";
		};
/* End PBXGroup section */

/* Begin PBXNativeTarget section */
		0BEA2A6B28C764CA0072693A /* CryptoCurrency */ = {
			isa = PBXNativeTarget;
			buildConfigurationList = 0BEA2A8028C764CB0072693A /* Build configuration list for PBXNativeTarget "CryptoCurrency" */;
			buildPhases = (
				0BEA2A6828C764CA0072693A /* Sources */,
				0BEA2A6928C764CA0072693A /* Frameworks */,
				0BEA2A6A28C764CA0072693A /* Resources */,
			);
			buildRules = (
			);
			dependencies = (
			);
			name = CryptoCurrency;
			packageProductDependencies = (
				0BFBDDC028C77AB40079C1B9 /* FirebaseAuth */,
				0BFBDDC228C77AB40079C1B9 /* FirebaseFirestore */,
				0BFBDDC428C77AB40079C1B9 /* FirebaseStorage */,
			);
			productName = CryptoCurrency;
			productReference = 0BEA2A6C28C764CA0072693A /* CryptoCurrency.app */;
			productType = "com.apple.product-type.application";
		};
/* End PBXNativeTarget section */

/* Begin PBXProject section */
		0BEA2A6428C764CA0072693A /* Project object */ = {
			isa = PBXProject;
			attributes = {
				BuildIndependentTargetsInParallel = 1;
				LastSwiftUpdateCheck = 1340;
				LastUpgradeCheck = 1340;
				TargetAttributes = {
					0BEA2A6B28C764CA0072693A = {
						CreatedOnToolsVersion = 13.4.1;
					};
				};
			};
			buildConfigurationList = 0BEA2A6728C764CA0072693A /* Build configuration list for PBXProject "CryptoCurrency" */;
			compatibilityVersion = "Xcode 13.0";
			developmentRegion = en;
			hasScannedForEncodings = 0;
			knownRegions = (
				en,
				Base,
			);
			mainGroup = 0BEA2A6328C764CA0072693A;
			packageReferences = (
				0BFBDDBF28C77AB40079C1B9 /* XCRemoteSwiftPackageReference "firebase-ios-sdk" */,
			);
			productRefGroup = 0BEA2A6D28C764CA0072693A /* Products */;
			projectDirPath = "";
			projectRoot = "";
			targets = (
				0BEA2A6B28C764CA0072693A /* CryptoCurrency */,
			);
		};
/* End PBXProject section */

/* Begin PBXResourcesBuildPhase section */
		0BEA2A6A28C764CA0072693A /* Resources */ = {
			isa = PBXResourcesBuildPhase;
			buildActionMask = 2147483647;
			files = (
				0B85541F28C89DE000A3CB7A /* Colors.xcassets in Resources */,
				0BEA2A7C28C764CB0072693A /* LaunchScreen.storyboard in Resources */,
				0BD1B38028CE806F00AB905C /* SignUp.storyboard in Resources */,
				0BFBDDBE28C778FD0079C1B9 /* GoogleService-Info.plist in Resources */,
				0BEA2A7928C764CB0072693A /* Assets.xcassets in Resources */,
				0BEA2A7728C764CA0072693A /* Login.storyboard in Resources */,
			);
			runOnlyForDeploymentPostprocessing = 0;
		};
/* End PBXResourcesBuildPhase section */

/* Begin PBXSourcesBuildPhase section */
		0BEA2A6828C764CA0072693A /* Sources */ = {
			isa = PBXSourcesBuildPhase;
			buildActionMask = 2147483647;
			files = (
				0BFBDDCE28C77E0D0079C1B9 /* LoginNetwork.swift in Sources */,
				0BFBDDC828C77DE10079C1B9 /* LoginInteractor.swift in Sources */,
				0BFBDDD428C786C10079C1B9 /* LoginResponse.swift in Sources */,
				0BD1B38628CF4E7300AB905C /* SignUpPresenter.swift in Sources */,
				0BD1B38828CF4E8200AB905C /* SignUpResponse.swift in Sources */,
				0BEA2A7428C764CA0072693A /* LoginView.swift in Sources */,
				0BD1B38C28CF4EAE00AB905C /* SignUpNetwork.swift in Sources */,
				0BD1B38A28CF4E9B00AB905C /* SignUpRouter.swift in Sources */,
				0BFBDDCC28C77DF50079C1B9 /* LoginRouter.swift in Sources */,
				0B4A3BAC28CDFB8D00D63D49 /* AlertView.swift in Sources */,
				0BEA2A7028C764CA0072693A /* AppDelegate.swift in Sources */,
				0BFBDDD028C77E1C0079C1B9 /* LoginContract.swift in Sources */,
				0BD1B38228CE808C00AB905C /* SignUpView.swift in Sources */,
				0BD1B39028CF4EC400AB905C /* SignUpContractHelper.swift in Sources */,
				0BEA2A7228C764CA0072693A /* SceneDelegate.swift in Sources */,
				0BFBDDCA28C77DED0079C1B9 /* LoginPresenter.swift in Sources */,
				0BFBDDD828C789730079C1B9 /* LoginContractHelper.swift in Sources */,
				0BD1B38E28CF4EB600AB905C /* SignUpContract.swift in Sources */,
				0BD1B38428CF4E6700AB905C /* SignUpInteractor.swift in Sources */,
				0BFBDDDC28C797980079C1B9 /* ThemeManager.swift in Sources */,
			);
			runOnlyForDeploymentPostprocessing = 0;
		};
/* End PBXSourcesBuildPhase section */

/* Begin PBXVariantGroup section */
		0BEA2A7528C764CA0072693A /* Login.storyboard */ = {
			isa = PBXVariantGroup;
			children = (
				0BEA2A7628C764CA0072693A /* Base */,
			);
			name = Login.storyboard;
			sourceTree = "<group>";
		};
		0BEA2A7A28C764CB0072693A /* LaunchScreen.storyboard */ = {
			isa = PBXVariantGroup;
			children = (
				0BEA2A7B28C764CB0072693A /* Base */,
			);
			name = LaunchScreen.storyboard;
			sourceTree = "<group>";
		};
/* End PBXVariantGroup section */

/* Begin XCBuildConfiguration section */
		0BEA2A7E28C764CB0072693A /* Debug */ = {
			isa = XCBuildConfiguration;
			buildSettings = {
				ALWAYS_SEARCH_USER_PATHS = NO;
				CLANG_ANALYZER_NONNULL = YES;
				CLANG_ANALYZER_NUMBER_OBJECT_CONVERSION = YES_AGGRESSIVE;
				CLANG_CXX_LANGUAGE_STANDARD = "gnu++17";
				CLANG_ENABLE_MODULES = YES;
				CLANG_ENABLE_OBJC_ARC = YES;
				CLANG_ENABLE_OBJC_WEAK = YES;
				CLANG_WARN_BLOCK_CAPTURE_AUTORELEASING = YES;
				CLANG_WARN_BOOL_CONVERSION = YES;
				CLANG_WARN_COMMA = YES;
				CLANG_WARN_CONSTANT_CONVERSION = YES;
				CLANG_WARN_DEPRECATED_OBJC_IMPLEMENTATIONS = YES;
				CLANG_WARN_DIRECT_OBJC_ISA_USAGE = YES_ERROR;
				CLANG_WARN_DOCUMENTATION_COMMENTS = YES;
				CLANG_WARN_EMPTY_BODY = YES;
				CLANG_WARN_ENUM_CONVERSION = YES;
				CLANG_WARN_INFINITE_RECURSION = YES;
				CLANG_WARN_INT_CONVERSION = YES;
				CLANG_WARN_NON_LITERAL_NULL_CONVERSION = YES;
				CLANG_WARN_OBJC_IMPLICIT_RETAIN_SELF = YES;
				CLANG_WARN_OBJC_LITERAL_CONVERSION = YES;
				CLANG_WARN_OBJC_ROOT_CLASS = YES_ERROR;
				CLANG_WARN_QUOTED_INCLUDE_IN_FRAMEWORK_HEADER = YES;
				CLANG_WARN_RANGE_LOOP_ANALYSIS = YES;
				CLANG_WARN_STRICT_PROTOTYPES = YES;
				CLANG_WARN_SUSPICIOUS_MOVE = YES;
				CLANG_WARN_UNGUARDED_AVAILABILITY = YES_AGGRESSIVE;
				CLANG_WARN_UNREACHABLE_CODE = YES;
				CLANG_WARN__DUPLICATE_METHOD_MATCH = YES;
				COPY_PHASE_STRIP = NO;
				DEBUG_INFORMATION_FORMAT = dwarf;
				ENABLE_STRICT_OBJC_MSGSEND = YES;
				ENABLE_TESTABILITY = YES;
				GCC_C_LANGUAGE_STANDARD = gnu11;
				GCC_DYNAMIC_NO_PIC = NO;
				GCC_NO_COMMON_BLOCKS = YES;
				GCC_OPTIMIZATION_LEVEL = 0;
				GCC_PREPROCESSOR_DEFINITIONS = (
					"DEBUG=1",
					"$(inherited)",
				);
				GCC_WARN_64_TO_32_BIT_CONVERSION = YES;
				GCC_WARN_ABOUT_RETURN_TYPE = YES_ERROR;
				GCC_WARN_UNDECLARED_SELECTOR = YES;
				GCC_WARN_UNINITIALIZED_AUTOS = YES_AGGRESSIVE;
				GCC_WARN_UNUSED_FUNCTION = YES;
				GCC_WARN_UNUSED_VARIABLE = YES;
				IPHONEOS_DEPLOYMENT_TARGET = 15.5;
				MTL_ENABLE_DEBUG_INFO = INCLUDE_SOURCE;
				MTL_FAST_MATH = YES;
				ONLY_ACTIVE_ARCH = YES;
				SDKROOT = iphoneos;
				SWIFT_ACTIVE_COMPILATION_CONDITIONS = DEBUG;
				SWIFT_OPTIMIZATION_LEVEL = "-Onone";
			};
			name = Debug;
		};
		0BEA2A7F28C764CB0072693A /* Release */ = {
			isa = XCBuildConfiguration;
			buildSettings = {
				ALWAYS_SEARCH_USER_PATHS = NO;
				CLANG_ANALYZER_NONNULL = YES;
				CLANG_ANALYZER_NUMBER_OBJECT_CONVERSION = YES_AGGRESSIVE;
				CLANG_CXX_LANGUAGE_STANDARD = "gnu++17";
				CLANG_ENABLE_MODULES = YES;
				CLANG_ENABLE_OBJC_ARC = YES;
				CLANG_ENABLE_OBJC_WEAK = YES;
				CLANG_WARN_BLOCK_CAPTURE_AUTORELEASING = YES;
				CLANG_WARN_BOOL_CONVERSION = YES;
				CLANG_WARN_COMMA = YES;
				CLANG_WARN_CONSTANT_CONVERSION = YES;
				CLANG_WARN_DEPRECATED_OBJC_IMPLEMENTATIONS = YES;
				CLANG_WARN_DIRECT_OBJC_ISA_USAGE = YES_ERROR;
				CLANG_WARN_DOCUMENTATION_COMMENTS = YES;
				CLANG_WARN_EMPTY_BODY = YES;
				CLANG_WARN_ENUM_CONVERSION = YES;
				CLANG_WARN_INFINITE_RECURSION = YES;
				CLANG_WARN_INT_CONVERSION = YES;
				CLANG_WARN_NON_LITERAL_NULL_CONVERSION = YES;
				CLANG_WARN_OBJC_IMPLICIT_RETAIN_SELF = YES;
				CLANG_WARN_OBJC_LITERAL_CONVERSION = YES;
				CLANG_WARN_OBJC_ROOT_CLASS = YES_ERROR;
				CLANG_WARN_QUOTED_INCLUDE_IN_FRAMEWORK_HEADER = YES;
				CLANG_WARN_RANGE_LOOP_ANALYSIS = YES;
				CLANG_WARN_STRICT_PROTOTYPES = YES;
				CLANG_WARN_SUSPICIOUS_MOVE = YES;
				CLANG_WARN_UNGUARDED_AVAILABILITY = YES_AGGRESSIVE;
				CLANG_WARN_UNREACHABLE_CODE = YES;
				CLANG_WARN__DUPLICATE_METHOD_MATCH = YES;
				COPY_PHASE_STRIP = NO;
				DEBUG_INFORMATION_FORMAT = "dwarf-with-dsym";
				ENABLE_NS_ASSERTIONS = NO;
				ENABLE_STRICT_OBJC_MSGSEND = YES;
				GCC_C_LANGUAGE_STANDARD = gnu11;
				GCC_NO_COMMON_BLOCKS = YES;
				GCC_WARN_64_TO_32_BIT_CONVERSION = YES;
				GCC_WARN_ABOUT_RETURN_TYPE = YES_ERROR;
				GCC_WARN_UNDECLARED_SELECTOR = YES;
				GCC_WARN_UNINITIALIZED_AUTOS = YES_AGGRESSIVE;
				GCC_WARN_UNUSED_FUNCTION = YES;
				GCC_WARN_UNUSED_VARIABLE = YES;
				IPHONEOS_DEPLOYMENT_TARGET = 15.5;
				MTL_ENABLE_DEBUG_INFO = NO;
				MTL_FAST_MATH = YES;
				SDKROOT = iphoneos;
				SWIFT_COMPILATION_MODE = wholemodule;
				SWIFT_OPTIMIZATION_LEVEL = "-O";
				VALIDATE_PRODUCT = YES;
			};
			name = Release;
		};
		0BEA2A8128C764CB0072693A /* Debug */ = {
			isa = XCBuildConfiguration;
			buildSettings = {
				ASSETCATALOG_COMPILER_APPICON_NAME = AppIcon;
				ASSETCATALOG_COMPILER_GLOBAL_ACCENT_COLOR_NAME = AccentColor;
				CODE_SIGN_STYLE = Automatic;
				CURRENT_PROJECT_VERSION = 1;
				DEVELOPMENT_TEAM = 2XDA467CTJ;
				GENERATE_INFOPLIST_FILE = YES;
				INFOPLIST_FILE = CryptoCurrency/Info.plist;
				INFOPLIST_KEY_UIApplicationSupportsIndirectInputEvents = YES;
				INFOPLIST_KEY_UILaunchStoryboardName = LaunchScreen;
				INFOPLIST_KEY_UIMainStoryboardFile = Login;
				INFOPLIST_KEY_UISupportedInterfaceOrientations_iPad = "UIInterfaceOrientationPortrait UIInterfaceOrientationPortraitUpsideDown UIInterfaceOrientationLandscapeLeft UIInterfaceOrientationLandscapeRight";
				INFOPLIST_KEY_UISupportedInterfaceOrientations_iPhone = "UIInterfaceOrientationPortrait UIInterfaceOrientationLandscapeLeft UIInterfaceOrientationLandscapeRight";
				LD_RUNPATH_SEARCH_PATHS = (
					"$(inherited)",
					"@executable_path/Frameworks",
				);
				MARKETING_VERSION = 1.0;
				PRODUCT_BUNDLE_IDENTIFIER = com.furkanacikgoz.CryptoCurrency;
				PRODUCT_NAME = "$(TARGET_NAME)";
				SWIFT_EMIT_LOC_STRINGS = YES;
				SWIFT_VERSION = 5.0;
				TARGETED_DEVICE_FAMILY = "1,2";
			};
			name = Debug;
		};
		0BEA2A8228C764CB0072693A /* Release */ = {
			isa = XCBuildConfiguration;
			buildSettings = {
				ASSETCATALOG_COMPILER_APPICON_NAME = AppIcon;
				ASSETCATALOG_COMPILER_GLOBAL_ACCENT_COLOR_NAME = AccentColor;
				CODE_SIGN_STYLE = Automatic;
				CURRENT_PROJECT_VERSION = 1;
				DEVELOPMENT_TEAM = 2XDA467CTJ;
				GENERATE_INFOPLIST_FILE = YES;
				INFOPLIST_FILE = CryptoCurrency/Info.plist;
				INFOPLIST_KEY_UIApplicationSupportsIndirectInputEvents = YES;
				INFOPLIST_KEY_UILaunchStoryboardName = LaunchScreen;
				INFOPLIST_KEY_UIMainStoryboardFile = Login;
				INFOPLIST_KEY_UISupportedInterfaceOrientations_iPad = "UIInterfaceOrientationPortrait UIInterfaceOrientationPortraitUpsideDown UIInterfaceOrientationLandscapeLeft UIInterfaceOrientationLandscapeRight";
				INFOPLIST_KEY_UISupportedInterfaceOrientations_iPhone = "UIInterfaceOrientationPortrait UIInterfaceOrientationLandscapeLeft UIInterfaceOrientationLandscapeRight";
				LD_RUNPATH_SEARCH_PATHS = (
					"$(inherited)",
					"@executable_path/Frameworks",
				);
				MARKETING_VERSION = 1.0;
				PRODUCT_BUNDLE_IDENTIFIER = com.furkanacikgoz.CryptoCurrency;
				PRODUCT_NAME = "$(TARGET_NAME)";
				SWIFT_EMIT_LOC_STRINGS = YES;
				SWIFT_VERSION = 5.0;
				TARGETED_DEVICE_FAMILY = "1,2";
			};
			name = Release;
		};
/* End XCBuildConfiguration section */

/* Begin XCConfigurationList section */
		0BEA2A6728C764CA0072693A /* Build configuration list for PBXProject "CryptoCurrency" */ = {
			isa = XCConfigurationList;
			buildConfigurations = (
				0BEA2A7E28C764CB0072693A /* Debug */,
				0BEA2A7F28C764CB0072693A /* Release */,
			);
			defaultConfigurationIsVisible = 0;
			defaultConfigurationName = Release;
		};
		0BEA2A8028C764CB0072693A /* Build configuration list for PBXNativeTarget "CryptoCurrency" */ = {
			isa = XCConfigurationList;
			buildConfigurations = (
				0BEA2A8128C764CB0072693A /* Debug */,
				0BEA2A8228C764CB0072693A /* Release */,
			);
			defaultConfigurationIsVisible = 0;
			defaultConfigurationName = Release;
		};
/* End XCConfigurationList section */

/* Begin XCRemoteSwiftPackageReference section */
		0BFBDDBF28C77AB40079C1B9 /* XCRemoteSwiftPackageReference "firebase-ios-sdk" */ = {
			isa = XCRemoteSwiftPackageReference;
			repositoryURL = "https://github.com/firebase/firebase-ios-sdk";
			requirement = {
				kind = upToNextMajorVersion;
				minimumVersion = 9.0.0;
			};
		};
/* End XCRemoteSwiftPackageReference section */

/* Begin XCSwiftPackageProductDependency section */
		0BFBDDC028C77AB40079C1B9 /* FirebaseAuth */ = {
			isa = XCSwiftPackageProductDependency;
			package = 0BFBDDBF28C77AB40079C1B9 /* XCRemoteSwiftPackageReference "firebase-ios-sdk" */;
			productName = FirebaseAuth;
		};
		0BFBDDC228C77AB40079C1B9 /* FirebaseFirestore */ = {
			isa = XCSwiftPackageProductDependency;
			package = 0BFBDDBF28C77AB40079C1B9 /* XCRemoteSwiftPackageReference "firebase-ios-sdk" */;
			productName = FirebaseFirestore;
		};
		0BFBDDC428C77AB40079C1B9 /* FirebaseStorage */ = {
			isa = XCSwiftPackageProductDependency;
			package = 0BFBDDBF28C77AB40079C1B9 /* XCRemoteSwiftPackageReference "firebase-ios-sdk" */;
			productName = FirebaseStorage;
		};
/* End XCSwiftPackageProductDependency section */
	};
	rootObject = 0BEA2A6428C764CA0072693A /* Project object */;
}
